
Microsoft Visual Studio Solution File, Format Version 12.00
# Visual Studio Version 17
VisualStudioVersion = 17.14.36301.6 d17.14
MinimumVisualStudioVersion = 10.0.40219.1
Project("{FAE04EC0-301F-11D3-BF4B-00C04F79EFBC}") = "GraphAttachmentDownloaderSdk", "GraphAttachmentDownloaderSdk.csproj", "{BD7E74C8-BA84-4EAF-86C8-25A25E16D511}"
EndProject
Global
	GlobalSection(SolutionConfigurationPlatforms) = preSolution
		Debug|Any CPU = Debug|Any CPU
		Release|Any CPU = Release|Any CPU
	EndGlobalSection
	GlobalSection(ProjectConfigurationPlatforms) = postSolution
		{BD7E74C8-BA84-4EAF-86C8-25A25E16D511}.Debug|Any CPU.ActiveCfg = Debug|Any CPU
		{BD7E74C8-BA84-4EAF-86C8-25A25E16D511}.Debug|Any CPU.Build.0 = Debug|Any CPU
		{BD7E74C8-BA84-4EAF-86C8-25A25E16D511}.Release|Any CPU.ActiveCfg = Release|Any CPU
		{BD7E74C8-BA84-4EAF-86C8-25A25E16D511}.Release|Any CPU.Build.0 = Release|Any CPU
	EndGlobalSection
	GlobalSection(SolutionProperties) = preSolution
		HideSolutionNode = FALSE
	EndGlobalSection
	GlobalSection(ExtensibilityGlobals) = postSolution
		SolutionGuid = {D74C9E2E-C3FD-4D3F-8512-86DE001B39FC}
	EndGlobalSection
EndGlobal
